
Microsoft Visual Studio Solution File, Format Version 12.00
# Visual Studio Version 16
VisualStudioVersion = 16.0.31911.196
MinimumVisualStudioVersion = 10.0.40219.1
Project("{9A19103F-16F7-4668-BE54-9A1E7A4F7556}") = "NetCoreDemo", "NetCoreDemo\NetCoreDemo.csproj", "{5A81E741-A275-4BC7-9468-4A44FE68AF4F}"
EndProject
Project("{FAE04EC0-301F-11D3-BF4B-00C04F79EFBC}") = "EntityLayer", "EntityLayer\EntityLayer.csproj", "{EA412E0B-8BD2-404D-B0AB-0C0A466139C7}"
EndProject
Project("{FAE04EC0-301F-11D3-BF4B-00C04F79EFBC}") = "BusinessLayer", "BusinessLayer\BusinessLayer.csproj", "{A652FF97-F31D-4B65-A8E2-D8F76BC6A154}"
EndProject
Project("{FAE04EC0-301F-11D3-BF4B-00C04F79EFBC}") = "DataAccessLayer", "DataAccessLayer\DataAccessLayer.csproj", "{EBE94BBF-DE5C-4AE0-982C-42ABAF62F1DE}"
EndProject
Project("{FAE04EC0-301F-11D3-BF4B-00C04F79EFBC}") = "CoreLayer", "CoreLayer\CoreLayer.csproj", "{BD2C63CD-935A-4D05-A28A-F7630B8D69E4}"
EndProject
Global
	GlobalSection(SolutionConfigurationPlatforms) = preSolution
		Debug|Any CPU = Debug|Any CPU
		Release|Any CPU = Release|Any CPU
	EndGlobalSection
	GlobalSection(ProjectConfigurationPlatforms) = postSolution
		{5A81E741-A275-4BC7-9468-4A44FE68AF4F}.Debug|Any CPU.ActiveCfg = Debug|Any CPU
		{5A81E741-A275-4BC7-9468-4A44FE68AF4F}.Debug|Any CPU.Build.0 = Debug|Any CPU
		{5A81E741-A275-4BC7-9468-4A44FE68AF4F}.Release|Any CPU.ActiveCfg = Release|Any CPU
		{5A81E741-A275-4BC7-9468-4A44FE68AF4F}.Release|Any CPU.Build.0 = Release|Any CPU
		{EA412E0B-8BD2-404D-B0AB-0C0A466139C7}.Debug|Any CPU.ActiveCfg = Debug|Any CPU
		{EA412E0B-8BD2-404D-B0AB-0C0A466139C7}.Debug|Any CPU.Build.0 = Debug|Any CPU
		{EA412E0B-8BD2-404D-B0AB-0C0A466139C7}.Release|Any CPU.ActiveCfg = Release|Any CPU
		{EA412E0B-8BD2-404D-B0AB-0C0A466139C7}.Release|Any CPU.Build.0 = Release|Any CPU
		{A652FF97-F31D-4B65-A8E2-D8F76BC6A154}.Debug|Any CPU.ActiveCfg = Debug|Any CPU
		{A652FF97-F31D-4B65-A8E2-D8F76BC6A154}.Debug|Any CPU.Build.0 = Debug|Any CPU
		{A652FF97-F31D-4B65-A8E2-D8F76BC6A154}.Release|Any CPU.ActiveCfg = Release|Any CPU
		{A652FF97-F31D-4B65-A8E2-D8F76BC6A154}.Release|Any CPU.Build.0 = Release|Any CPU
		{EBE94BBF-DE5C-4AE0-982C-42ABAF62F1DE}.Debug|Any CPU.ActiveCfg = Debug|Any CPU
		{EBE94BBF-DE5C-4AE0-982C-42ABAF62F1DE}.Debug|Any CPU.Build.0 = Debug|Any CPU
		{EBE94BBF-DE5C-4AE0-982C-42ABAF62F1DE}.Release|Any CPU.ActiveCfg = Release|Any CPU
		{EBE94BBF-DE5C-4AE0-982C-42ABAF62F1DE}.Release|Any CPU.Build.0 = Release|Any CPU
		{BD2C63CD-935A-4D05-A28A-F7630B8D69E4}.Debug|Any CPU.ActiveCfg = Debug|Any CPU
		{BD2C63CD-935A-4D05-A28A-F7630B8D69E4}.Debug|Any CPU.Build.0 = Debug|Any CPU
		{BD2C63CD-935A-4D05-A28A-F7630B8D69E4}.Release|Any CPU.ActiveCfg = Release|Any CPU
		{BD2C63CD-935A-4D05-A28A-F7630B8D69E4}.Release|Any CPU.Build.0 = Release|Any CPU
	EndGlobalSection
	GlobalSection(SolutionProperties) = preSolution
		HideSolutionNode = FALSE
	EndGlobalSection
	GlobalSection(ExtensibilityGlobals) = postSolution
		SolutionGuid = {576548CA-B3F3-4767-BBF8-9729754F7604}
	EndGlobalSection
EndGlobal
